
Microsoft Visual Studio Solution File, Format Version 12.00
# Visual Studio Version 17
VisualStudioVersion = 17.7.34031.279
MinimumVisualStudioVersion = 10.0.40219.1
Project("{FAE04EC0-301F-11D3-BF4B-00C04F79EFBC}") = "GitProject", "GitProject\GitProject.csproj", "{8507FD39-6B54-4F03-B0CA-E4EAF1B72ACB}"
EndProject
Global
	GlobalSection(SolutionConfigurationPlatforms) = preSolution
		Debug|Any CPU = Debug|Any CPU
		Release|Any CPU = Release|Any CPU
	EndGlobalSection
	GlobalSection(ProjectConfigurationPlatforms) = postSolution
		{8507FD39-6B54-4F03-B0CA-E4EAF1B72ACB}.Debug|Any CPU.ActiveCfg = Debug|Any CPU
		{8507FD39-6B54-4F03-B0CA-E4EAF1B72ACB}.Debug|Any CPU.Build.0 = Debug|Any CPU
		{8507FD39-6B54-4F03-B0CA-E4EAF1B72ACB}.Release|Any CPU.ActiveCfg = Release|Any CPU
		{8507FD39-6B54-4F03-B0CA-E4EAF1B72ACB}.Release|Any CPU.Build.0 = Release|Any CPU
	EndGlobalSection
	GlobalSection(SolutionProperties) = preSolution
		HideSolutionNode = FALSE
	EndGlobalSection
	GlobalSection(ExtensibilityGlobals) = postSolution
		SolutionGuid = {E209CC65-07AC-467E-A8DB-9A8FBB8A78E2}
	EndGlobalSection
EndGlobal
